
Microsoft Visual Studio Solution File, Format Version 12.00
Project("{2150E333-8FDC-42A3-9474-1A3956D46DE8}") = "Standard-2.0", "Standard-2.0", "{A7504B43-789A-4201-8D5B-25EA42791471}"
EndProject
Project("{FAE04EC0-301F-11D3-BF4B-00C04F79EFBC}") = "MyTcpSockets", "MyTcpSockets\MyTcpSockets.csproj", "{6FF86FF1-F67B-4A95-A231-A9FF6D73D9C8}"
EndProject
Project("{FAE04EC0-301F-11D3-BF4B-00C04F79EFBC}") = "MyTcpSockets20", "MyTcpSockets20\MyTcpSockets20.csproj", "{7DDB52DB-779C-4591-B41C-43A12605EC70}"
EndProject
Project("{FAE04EC0-301F-11D3-BF4B-00C04F79EFBC}") = "MyTcpSockets20.Tests", "MyTcpSockets20.Tests\MyTcpSockets20.Tests.csproj", "{B3FE9972-6C6F-402B-A957-35A34BFFC427}"
EndProject
Project("{FAE04EC0-301F-11D3-BF4B-00C04F79EFBC}") = "MyTcpSockets.Tests", "MyTcpSockets.Tests\MyTcpSockets.Tests.csproj", "{EF24BBAD-6AFF-4497-8E9B-AA10048A68F1}"
EndProject
Global
	GlobalSection(SolutionConfigurationPlatforms) = preSolution
		Debug|Any CPU = Debug|Any CPU
		Release|Any CPU = Release|Any CPU
	EndGlobalSection
	GlobalSection(ProjectConfigurationPlatforms) = postSolution
		{6FF86FF1-F67B-4A95-A231-A9FF6D73D9C8}.Debug|Any CPU.ActiveCfg = Debug|Any CPU
		{6FF86FF1-F67B-4A95-A231-A9FF6D73D9C8}.Debug|Any CPU.Build.0 = Debug|Any CPU
		{6FF86FF1-F67B-4A95-A231-A9FF6D73D9C8}.Release|Any CPU.ActiveCfg = Release|Any CPU
		{6FF86FF1-F67B-4A95-A231-A9FF6D73D9C8}.Release|Any CPU.Build.0 = Release|Any CPU
		{7DDB52DB-779C-4591-B41C-43A12605EC70}.Debug|Any CPU.ActiveCfg = Debug|Any CPU
		{7DDB52DB-779C-4591-B41C-43A12605EC70}.Debug|Any CPU.Build.0 = Debug|Any CPU
		{7DDB52DB-779C-4591-B41C-43A12605EC70}.Release|Any CPU.ActiveCfg = Release|Any CPU
		{7DDB52DB-779C-4591-B41C-43A12605EC70}.Release|Any CPU.Build.0 = Release|Any CPU
		{B3FE9972-6C6F-402B-A957-35A34BFFC427}.Debug|Any CPU.ActiveCfg = Debug|Any CPU
		{B3FE9972-6C6F-402B-A957-35A34BFFC427}.Debug|Any CPU.Build.0 = Debug|Any CPU
		{B3FE9972-6C6F-402B-A957-35A34BFFC427}.Release|Any CPU.ActiveCfg = Release|Any CPU
		{B3FE9972-6C6F-402B-A957-35A34BFFC427}.Release|Any CPU.Build.0 = Release|Any CPU
		{EF24BBAD-6AFF-4497-8E9B-AA10048A68F1}.Debug|Any CPU.ActiveCfg = Debug|Any CPU
		{EF24BBAD-6AFF-4497-8E9B-AA10048A68F1}.Debug|Any CPU.Build.0 = Debug|Any CPU
		{EF24BBAD-6AFF-4497-8E9B-AA10048A68F1}.Release|Any CPU.ActiveCfg = Release|Any CPU
		{EF24BBAD-6AFF-4497-8E9B-AA10048A68F1}.Release|Any CPU.Build.0 = Release|Any CPU
	EndGlobalSection
	GlobalSection(NestedProjects) = preSolution
		{7DDB52DB-779C-4591-B41C-43A12605EC70} = {A7504B43-789A-4201-8D5B-25EA42791471}
		{B3FE9972-6C6F-402B-A957-35A34BFFC427} = {A7504B43-789A-4201-8D5B-25EA42791471}
	EndGlobalSection
EndGlobal
